Microsoft Visual Studio Solution File, Format Version 12.00
# Visual Studio Version 16
VisualStudioVersion = 16.0.29519.87
MinimumVisualStudioVersion = 10.0.40219.1
Project("{6EC3EE1D-3C4E-46DD-8F32-0CC8E7565705}") = "AllerRetour", "AllerRetour\AllerRetour.fsproj", "{615F4C8F-952A-4923-ADC6-D9FF4E40DC2F}"
EndProject
Project("{F2A71F9B-5D33-465A-A702-920D77279786}") = "AllerRetour.Android", "AllerRetour.Android\AllerRetour.Android.fsproj", "{BDC8791F-E958-4410-84DD-F160AC1200CC}"
EndProject
Project("{F2A71F9B-5D33-465A-A702-920D77279786}") = "AllerRetour.iOS", "AllerRetour.iOS\AllerRetour.iOS.fsproj", "{4ED4FA4E-3431-4480-B174-8D4D4764C999}"
EndProject
Global
	GlobalSection(SolutionConfigurationPlatforms) = preSolution
		Ad-Hoc|Any CPU = Ad-Hoc|Any CPU
		Ad-Hoc|ARM = Ad-Hoc|ARM
		Ad-Hoc|iPhone = Ad-Hoc|iPhone
		Ad-Hoc|iPhoneSimulator = Ad-Hoc|iPhoneSimulator
		Ad-Hoc|x64 = Ad-Hoc|x64
		Ad-Hoc|x86 = Ad-Hoc|x86
		AppStore|Any CPU = AppStore|Any CPU
		AppStore|ARM = AppStore|ARM
		AppStore|iPhone = AppStore|iPhone
		AppStore|iPhoneSimulator = AppStore|iPhoneSimulator
		AppStore|x64 = AppStore|x64
		AppStore|x86 = AppStore|x86
		Debug|Any CPU = Debug|Any CPU
		Debug|ARM = Debug|ARM
		Debug|iPhone = Debug|iPhone
		Debug|iPhoneSimulator = Debug|iPhoneSimulator
		Debug|x64 = Debug|x64
		Debug|x86 = Debug|x86
		Release|Any CPU = Release|Any CPU
		Release|ARM = Release|ARM
		Release|iPhone = Release|iPhone
		Release|iPhoneSimulator = Release|iPhoneSimulator
		Release|x64 = Release|x64
		Release|x86 = Release|x86
	EndGlobalSection
	GlobalSection(ProjectConfigurationPlatforms) = postSolution
		{615F4C8F-952A-4923-ADC6-D9FF4E40DC2F}.Ad-Hoc|Any CPU.ActiveCfg = Debug|Any CPU
		{615F4C8F-952A-4923-ADC6-D9FF4E40DC2F}.Ad-Hoc|Any CPU.Build.0 = Debug|Any CPU
		{615F4C8F-952A-4923-ADC6-D9FF4E40DC2F}.Ad-Hoc|ARM.ActiveCfg = Debug|Any CPU
		{615F4C8F-952A-4923-ADC6-D9FF4E40DC2F}.Ad-Hoc|ARM.Build.0 = Debug|Any CPU
		{615F4C8F-952A-4923-ADC6-D9FF4E40DC2F}.Ad-Hoc|iPhone.ActiveCfg = Debug|Any CPU
		{615F4C8F-952A-4923-ADC6-D9FF4E40DC2F}.Ad-Hoc|iPhone.Build.0 = Debug|Any CPU
		{615F4C8F-952A-4923-ADC6-D9FF4E40DC2F}.Ad-Hoc|iPhoneSimulator.ActiveCfg = Debug|Any CPU
		{615F4C8F-952A-4923-ADC6-D9FF4E40DC2F}.Ad-Hoc|iPhoneSimulator.Build.0 = Debug|Any CPU
		{615F4C8F-952A-4923-ADC6-D9FF4E40DC2F}.Ad-Hoc|x64.ActiveCfg = Debug|Any CPU
		{615F4C8F-952A-4923-ADC6-D9FF4E40DC2F}.Ad-Hoc|x64.Build.0 = Debug|Any CPU
		{615F4C8F-952A-4923-ADC6-D9FF4E40DC2F}.Ad-Hoc|x86.ActiveCfg = Debug|Any CPU
		{615F4C8F-952A-4923-ADC6-D9FF4E40DC2F}.Ad-Hoc|x86.Build.0 = Debug|Any CPU
		{615F4C8F-952A-4923-ADC6-D9FF4E40DC2F}.AppStore|Any CPU.ActiveCfg = Debug|Any CPU
		{615F4C8F-952A-4923-ADC6-D9FF4E40DC2F}.AppStore|Any CPU.Build.0 = Debug|Any CPU
		{615F4C8F-952A-4923-ADC6-D9FF4E40DC2F}.AppStore|ARM.ActiveCfg = Debug|Any CPU
		{615F4C8F-952A-4923-ADC6-D9FF4E40DC2F}.AppStore|ARM.Build.0 = Debug|Any CPU
		{615F4C8F-952A-4923-ADC6-D9FF4E40DC2F}.AppStore|iPhone.ActiveCfg = Debug|Any CPU
		{615F4C8F-952A-4923-ADC6-D9FF4E40DC2F}.AppStore|iPhone.Build.0 = Debug|Any CPU
		{615F4C8F-952A-4923-ADC6-D9FF4E40DC2F}.AppStore|iPhoneSimulator.ActiveCfg = Debug|Any CPU
		{615F4C8F-952A-4923-ADC6-D9FF4E40DC2F}.AppStore|iPhoneSimulator.Build.0 = Debug|Any CPU
		{615F4C8F-952A-4923-ADC6-D9FF4E40DC2F}.AppStore|x64.ActiveCfg = Debug|Any CPU
		{615F4C8F-952A-4923-ADC6-D9FF4E40DC2F}.AppStore|x64.Build.0 = Debug|Any CPU
		{615F4C8F-952A-4923-ADC6-D9FF4E40DC2F}.AppStore|x86.ActiveCfg = Debug|Any CPU
		{615F4C8F-952A-4923-ADC6-D9FF4E40DC2F}.AppStore|x86.Build.0 = Debug|Any CPU
		{615F4C8F-952A-4923-ADC6-D9FF4E40DC2F}.Debug|Any CPU.ActiveCfg = Debug|Any CPU
		{615F4C8F-952A-4923-ADC6-D9FF4E40DC2F}.Debug|Any CPU.Build.0 = Debug|Any CPU
		{615F4C8F-952A-4923-ADC6-D9FF4E40DC2F}.Debug|ARM.ActiveCfg = Debug|Any CPU
		{615F4C8F-952A-4923-ADC6-D9FF4E40DC2F}.Debug|ARM.Build.0 = Debug|Any CPU
		{615F4C8F-952A-4923-ADC6-D9FF4E40DC2F}.Debug|iPhone.ActiveCfg = Debug|Any CPU
		{615F4C8F-952A-4923-ADC6-D9FF4E40DC2F}.Debug|iPhone.Build.0 = Debug|Any CPU
		{615F4C8F-952A-4923-ADC6-D9FF4E40DC2F}.Debug|iPhoneSimulator.ActiveCfg = Debug|Any CPU
		{615F4C8F-952A-4923-ADC6-D9FF4E40DC2F}.Debug|iPhoneSimulator.Build.0 = Debug|Any CPU
		{615F4C8F-952A-4923-ADC6-D9FF4E40DC2F}.Debug|x64.ActiveCfg = Debug|Any CPU
		{615F4C8F-952A-4923-ADC6-D9FF4E40DC2F}.Debug|x64.Build.0 = Debug|Any CPU
		{615F4C8F-952A-4923-ADC6-D9FF4E40DC2F}.Debug|x86.ActiveCfg = Debug|Any CPU
		{615F4C8F-952A-4923-ADC6-D9FF4E40DC2F}.Debug|x86.Build.0 = Debug|Any CPU
		{615F4C8F-952A-4923-ADC6-D9FF4E40DC2F}.Release|Any CPU.ActiveCfg = Release|Any CPU
		{615F4C8F-952A-4923-ADC6-D9FF4E40DC2F}.Release|Any CPU.Build.0 = Release|Any CPU
		{615F4C8F-952A-4923-ADC6-D9FF4E40DC2F}.Release|ARM.ActiveCfg = Release|Any CPU
		{615F4C8F-952A-4923-ADC6-D9FF4E40DC2F}.Release|ARM.Build.0 = Release|Any CPU
		{615F4C8F-952A-4923-ADC6-D9FF4E40DC2F}.Release|iPhone.ActiveCfg = Release|Any CPU
		{615F4C8F-952A-4923-ADC6-D9FF4E40DC2F}.Release|iPhone.Build.0 = Release|Any CPU
		{615F4C8F-952A-4923-ADC6-D9FF4E40DC2F}.Release|iPhoneSimulator.ActiveCfg = Release|Any CPU
		{615F4C8F-952A-4923-ADC6-D9FF4E40DC2F}.Release|iPhoneSimulator.Build.0 = Release|Any CPU
		{615F4C8F-952A-4923-ADC6-D9FF4E40DC2F}.Release|x64.ActiveCfg = Release|Any CPU
		{615F4C8F-952A-4923-ADC6-D9FF4E40DC2F}.Release|x64.Build.0 = Release|Any CPU
		{615F4C8F-952A-4923-ADC6-D9FF4E40DC2F}.Release|x86.ActiveCfg = Release|Any CPU
		{615F4C8F-952A-4923-ADC6-D9FF4E40DC2F}.Release|x86.Build.0 = Release|Any CPU
		{BDC8791F-E958-4410-84DD-F160AC1200CC}.Ad-Hoc|Any CPU.ActiveCfg = Release|Any CPU
		{BDC8791F-E958-4410-84DD-F160AC1200CC}.Ad-Hoc|Any CPU.Build.0 = Release|Any CPU
		{BDC8791F-E958-4410-84DD-F160AC1200CC}.Ad-Hoc|ARM.ActiveCfg = Release|Any CPU
		{BDC8791F-E958-4410-84DD-F160AC1200CC}.Ad-Hoc|ARM.Build.0 = Release|Any CPU
		{BDC8791F-E958-4410-84DD-F160AC1200CC}.Ad-Hoc|iPhone.ActiveCfg = Release|Any CPU
		{BDC8791F-E958-4410-84DD-F160AC1200CC}.Ad-Hoc|iPhone.Build.0 = Release|Any CPU
		{BDC8791F-E958-4410-84DD-F160AC1200CC}.Ad-Hoc|iPhoneSimulator.ActiveCfg = Release|Any CPU
		{BDC8791F-E958-4410-84DD-F160AC1200CC}.Ad-Hoc|iPhoneSimulator.Build.0 = Release|Any CPU
		{BDC8791F-E958-4410-84DD-F160AC1200CC}.Ad-Hoc|x64.ActiveCfg = Release|Any CPU
		{BDC8791F-E958-4410-84DD-F160AC1200CC}.Ad-Hoc|x64.Build.0 = Release|Any CPU
		{BDC8791F-E958-4410-84DD-F160AC1200CC}.Ad-Hoc|x86.ActiveCfg = Release|Any CPU
		{BDC8791F-E958-4410-84DD-F160AC1200CC}.Ad-Hoc|x86.Build.0 = Release|Any CPU
		{BDC8791F-E958-4410-84DD-F160AC1200CC}.AppStore|Any CPU.ActiveCfg = Release|Any CPU
		{BDC8791F-E958-4410-84DD-F160AC1200CC}.AppStore|Any CPU.Build.0 = Release|Any CPU
		{BDC8791F-E958-4410-84DD-F160AC1200CC}.AppStore|ARM.ActiveCfg = Release|Any CPU
		{BDC8791F-E958-4410-84DD-F160AC1200CC}.AppStore|ARM.Build.0 = Release|Any CPU
		{BDC8791F-E958-4410-84DD-F160AC1200CC}.AppStore|iPhone.ActiveCfg = Release|Any CPU
		{BDC8791F-E958-4410-84DD-F160AC1200CC}.AppStore|iPhone.Build.0 = Release|Any CPU
		{BDC8791F-E958-4410-84DD-F160AC1200CC}.AppStore|iPhoneSimulator.ActiveCfg = Release|Any CPU
		{BDC8791F-E958-4410-84DD-F160AC1200CC}.AppStore|iPhoneSimulator.Build.0 = Release|Any CPU
		{BDC8791F-E958-4410-84DD-F160AC1200CC}.AppStore|x64.ActiveCfg = Release|Any CPU
		{BDC8791F-E958-4410-84DD-F160AC1200CC}.AppStore|x64.Build.0 = Release|Any CPU
		{BDC8791F-E958-4410-84DD-F160AC1200CC}.AppStore|x86.ActiveCfg = Release|Any CPU
		{BDC8791F-E958-4410-84DD-F160AC1200CC}.AppStore|x86.Build.0 = Release|Any CPU
		{BDC8791F-E958-4410-84DD-F160AC1200CC}.Debug|Any CPU.ActiveCfg = Debug|Any CPU
		{BDC8791F-E958-4410-84DD-F160AC1200CC}.Debug|Any CPU.Build.0 = Debug|Any CPU
		{BDC8791F-E958-4410-84DD-F160AC1200CC}.Debug|Any CPU.Deploy.0 = Debug|Any CPU
		{BDC8791F-E958-4410-84DD-F160AC1200CC}.Debug|ARM.ActiveCfg = Debug|Any CPU
		{BDC8791F-E958-4410-84DD-F160AC1200CC}.Debug|ARM.Build.0 = Debug|Any CPU
		{BDC8791F-E958-4410-84DD-F160AC1200CC}.Debug|iPhone.ActiveCfg = Debug|Any CPU
		{BDC8791F-E958-4410-84DD-F160AC1200CC}.Debug|iPhone.Build.0 = Debug|Any CPU
		{BDC8791F-E958-4410-84DD-F160AC1200CC}.Debug|iPhoneSimulator.ActiveCfg = Debug|Any CPU
		{BDC8791F-E958-4410-84DD-F160AC1200CC}.Debug|iPhoneSimulator.Build.0 = Debug|Any CPU
		{BDC8791F-E958-4410-84DD-F160AC1200CC}.Debug|x64.ActiveCfg = Debug|Any CPU
		{BDC8791F-E958-4410-84DD-F160AC1200CC}.Debug|x64.Build.0 = Debug|Any CPU
		{BDC8791F-E958-4410-84DD-F160AC1200CC}.Debug|x86.ActiveCfg = Debug|Any CPU
		{BDC8791F-E958-4410-84DD-F160AC1200CC}.Debug|x86.Build.0 = Debug|Any CPU
		{BDC8791F-E958-4410-84DD-F160AC1200CC}.Release|Any CPU.ActiveCfg = Release|Any CPU
		{BDC8791F-E958-4410-84DD-F160AC1200CC}.Release|Any CPU.Build.0 = Release|Any CPU
		{BDC8791F-E958-4410-84DD-F160AC1200CC}.Release|Any CPU.Deploy.0 = Release|Any CPU
		{BDC8791F-E958-4410-84DD-F160AC1200CC}.Release|ARM.ActiveCfg = Release|Any CPU
		{BDC8791F-E958-4410-84DD-F160AC1200CC}.Release|ARM.Build.0 = Release|Any CPU
		{BDC8791F-E958-4410-84DD-F160AC1200CC}.Release|iPhone.ActiveCfg = Release|Any CPU
		{BDC8791F-E958-4410-84DD-F160AC1200CC}.Release|iPhone.Build.0 = Release|Any CPU
		{BDC8791F-E958-4410-84DD-F160AC1200CC}.Release|iPhoneSimulator.ActiveCfg = Release|Any CPU
		{BDC8791F-E958-4410-84DD-F160AC1200CC}.Release|iPhoneSimulator.Build.0 = Release|Any CPU
		{BDC8791F-E958-4410-84DD-F160AC1200CC}.Release|x64.ActiveCfg = Release|Any CPU
		{BDC8791F-E958-4410-84DD-F160AC1200CC}.Release|x64.Build.0 = Release|Any CPU
		{BDC8791F-E958-4410-84DD-F160AC1200CC}.Release|x86.ActiveCfg = Release|Any CPU
		{BDC8791F-E958-4410-84DD-F160AC1200CC}.Release|x86.Build.0 = Release|Any CPU
		{4ED4FA4E-3431-4480-B174-8D4D4764C999}.Ad-Hoc|Any CPU.ActiveCfg = Ad-Hoc|iPhone
		{4ED4FA4E-3431-4480-B174-8D4D4764C999}.Ad-Hoc|ARM.ActiveCfg = Ad-Hoc|iPhone
		{4ED4FA4E-3431-4480-B174-8D4D4764C999}.Ad-Hoc|iPhone.ActiveCfg = Ad-Hoc|iPhone
		{4ED4FA4E-3431-4480-B174-8D4D4764C999}.Ad-Hoc|iPhone.Build.0 = Ad-Hoc|iPhone
		{4ED4FA4E-3431-4480-B174-8D4D4764C999}.Ad-Hoc|iPhoneSimulator.ActiveCfg = Ad-Hoc|iPhoneSimulator
		{4ED4FA4E-3431-4480-B174-8D4D4764C999}.Ad-Hoc|iPhoneSimulator.Build.0 = Ad-Hoc|iPhoneSimulator
		{4ED4FA4E-3431-4480-B174-8D4D4764C999}.Ad-Hoc|x64.ActiveCfg = Ad-Hoc|iPhone
		{4ED4FA4E-3431-4480-B174-8D4D4764C999}.Ad-Hoc|x86.ActiveCfg = Ad-Hoc|iPhone
		{4ED4FA4E-3431-4480-B174-8D4D4764C999}.AppStore|Any CPU.ActiveCfg = AppStore|iPhone
		{4ED4FA4E-3431-4480-B174-8D4D4764C999}.AppStore|ARM.ActiveCfg = AppStore|iPhone
		{4ED4FA4E-3431-4480-B174-8D4D4764C999}.AppStore|iPhone.ActiveCfg = AppStore|iPhone
		{4ED4FA4E-3431-4480-B174-8D4D4764C999}.AppStore|iPhone.Build.0 = AppStore|iPhone
		{4ED4FA4E-3431-4480-B174-8D4D4764C999}.AppStore|iPhoneSimulator.ActiveCfg = AppStore|iPhoneSimulator
		{4ED4FA4E-3431-4480-B174-8D4D4764C999}.AppStore|iPhoneSimulator.Build.0 = AppStore|iPhoneSimulator
		{4ED4FA4E-3431-4480-B174-8D4D4764C999}.AppStore|x64.ActiveCfg = AppStore|iPhone
		{4ED4FA4E-3431-4480-B174-8D4D4764C999}.AppStore|x86.ActiveCfg = AppStore|iPhone
		{4ED4FA4E-3431-4480-B174-8D4D4764C999}.Debug|Any CPU.ActiveCfg = Debug|iPhone
		{4ED4FA4E-3431-4480-B174-8D4D4764C999}.Debug|ARM.ActiveCfg = Debug|iPhone
		{4ED4FA4E-3431-4480-B174-8D4D4764C999}.Debug|iPhone.ActiveCfg = Debug|iPhone
		{4ED4FA4E-3431-4480-B174-8D4D4764C999}.Debug|iPhone.Build.0 = Debug|iPhone
		{4ED4FA4E-3431-4480-B174-8D4D4764C999}.Debug|iPhoneSimulator.ActiveCfg = Debug|iPhoneSimulator
		{4ED4FA4E-3431-4480-B174-8D4D4764C999}.Debug|iPhoneSimulator.Build.0 = Debug|iPhoneSimulator
		{4ED4FA4E-3431-4480-B174-8D4D4764C999}.Debug|x64.ActiveCfg = Debug|iPhone
		{4ED4FA4E-3431-4480-B174-8D4D4764C999}.Debug|x86.ActiveCfg = Debug|iPhone
		{4ED4FA4E-3431-4480-B174-8D4D4764C999}.Release|Any CPU.ActiveCfg = Release|iPhone
		{4ED4FA4E-3431-4480-B174-8D4D4764C999}.Release|ARM.ActiveCfg = Release|iPhone
		{4ED4FA4E-3431-4480-B174-8D4D4764C999}.Release|iPhone.ActiveCfg = Release|iPhone
		{4ED4FA4E-3431-4480-B174-8D4D4764C999}.Release|iPhone.Build.0 = Release|iPhone
		{4ED4FA4E-3431-4480-B174-8D4D4764C999}.Release|iPhoneSimulator.ActiveCfg = Release|iPhoneSimulator
		{4ED4FA4E-3431-4480-B174-8D4D4764C999}.Release|iPhoneSimulator.Build.0 = Release|iPhoneSimulator
		{4ED4FA4E-3431-4480-B174-8D4D4764C999}.Release|x64.ActiveCfg = Release|iPhone
		{4ED4FA4E-3431-4480-B174-8D4D4764C999}.Release|x86.ActiveCfg = Release|iPhone
	EndGlobalSection
	GlobalSection(SolutionProperties) = preSolution
		HideSolutionNode = FALSE
	EndGlobalSection
	GlobalSection(ExtensibilityGlobals) = postSolution
		SolutionGuid = {F6D05029-56B8-4E45-AF2D-0E76295DDBA2}
	EndGlobalSection
EndGlobal
